// !$*UTF8*$!
{
	archiveVersion = 1;
	classes = {
	};
	objectVersion = 77;
	objects = {

/* Begin PBXBuildFile section */
		88C0399B2EA51F5100223582 /* SDWebImage in Frameworks */ = {isa = PBXBuildFile; productRef = 88C0399A2EA51F5100223582 /* SDWebImage */; };
/* End PBXBuildFile section */

/* Begin PBXContainerItemProxy section */
		8897EFF62EA4D12600EA3849 /* PBXContainerItemProxy */ = {
			isa = PBXContainerItemProxy;
			containerPortal = 8897EFD42EA4D12400EA3849 /* Project object */;
			proxyType = 1;
			remoteGlobalIDString = 8897EFDB2EA4D12400EA3849;
			remoteInfo = ReaderApp;
		};
		8897F0002EA4D12600EA3849 /* PBXContainerItemProxy */ = {
			isa = PBXContainerItemProxy;
			containerPortal = 8897EFD42EA4D12400EA3849 /* Project object */;
			proxyType = 1;
			remoteGlobalIDString = 8897EFDB2EA4D12400EA3849;
			remoteInfo = ReaderApp;
		};
/* End PBXContainerItemProxy section */

/* Begin PBXFileReference section */
		8897EFDC2EA4D12400EA3849 /* ReaderApp.app */ = {isa = PBXFileReference; explicitFileType = wrapper.application; includeInIndex = 0; path = ReaderApp.app; sourceTree = BUILT_PRODUCTS_DIR; };
		8897EFF52EA4D12600EA3849 /* ReaderAppTests.xctest */ = {isa = PBXFileReference; explicitFileType = wrapper.cfbundle; includeInIndex = 0; path = ReaderAppTests.xctest; sourceTree = BUILT_PRODUCTS_DIR; };
		8897EFFF2EA4D12600EA3849 /* ReaderAppUITests.xctest */ = {isa = PBXFileReference; explicitFileType = wrapper.cfbundle; includeInIndex = 0; path = ReaderAppUITests.xctest; sourceTree = BUILT_PRODUCTS_DIR; };
/* End PBXFileReference section */

/* Begin PBXFileSystemSynchronizedBuildFileExceptionSet section */
		8897F0072EA4D12600EA3849 /* Exceptions for "ReaderApp" folder in "ReaderApp" target */ = {
			isa = PBXFileSystemSynchronizedBuildFileExceptionSet;
			membershipExceptions = (
				Info.plist,
			);
			target = 8897EFDB2EA4D12400EA3849 /* ReaderApp */;
		};
/* End PBXFileSystemSynchronizedBuildFileExceptionSet section */

/* Begin PBXFileSystemSynchronizedRootGroup section */
		8897EFDE2EA4D12400EA3849 /* ReaderApp */ = {
			isa = PBXFileSystemSynchronizedRootGroup;
			exceptions = (
				8897F0072EA4D12600EA3849 /* Exceptions for "ReaderApp" folder in "ReaderApp" target */,
			);
			path = ReaderApp;
			sourceTree = "<group>";
		};
		8897EFF82EA4D12600EA3849 /* ReaderAppTests */ = {
			isa = PBXFileSystemSynchronizedRootGroup;
			path = ReaderAppTests;
			sourceTree = "<group>";
		};
		8897F0022EA4D12600EA3849 /* ReaderAppUITests */ = {
			isa = PBXFileSystemSynchronizedRootGroup;
			path = ReaderAppUITests;
			sourceTree = "<group>";
		};
/* End PBXFileSystemSynchronizedRootGroup section */

/* Begin PBXFrameworksBuildPhase section */
		8897EFD92EA4D12400EA3849 /* Frameworks */ = {
			isa = PBXFrameworksBuildPhase;
			buildActionMask = 2147483647;
			files = (
				88C0399B2EA51F5100223582 /* SDWebImage in Frameworks */,
			);
			runOnlyForDeploymentPostprocessing = 0;
		};
		8897EFF22EA4D12600EA3849 /* Frameworks */ = {
			isa = PBXFrameworksBuildPhase;
			buildActionMask = 2147483647;
			files = (
			);
			runOnlyForDeploymentPostprocessing = 0;
		};
		8897EFFC2EA4D12600EA3849 /* Frameworks */ = {
			isa = PBXFrameworksBuildPhase;
			buildActionMask = 2147483647;
			files = (
			);
			runOnlyForDeploymentPostprocessing = 0;
		};
/* End PBXFrameworksBuildPhase section */

/* Begin PBXGroup section */
		8897EFD32EA4D12400EA3849 = {
			isa = PBXGroup;
			children = (
				8897EFDE2EA4D12400EA3849 /* ReaderApp */,
				8897EFF82EA4D12600EA3849 /* ReaderAppTests */,
				8897F0022EA4D12600EA3849 /* ReaderAppUITests */,
				8897EFDD2EA4D12400EA3849 /* Products */,
			);
			sourceTree = "<group>";
		};
		8897EFDD2EA4D12400EA3849 /* Products */ = {
			isa = PBXGroup;
			children = (
				8897EFDC2EA4D12400EA3849 /* ReaderApp.app */,
				8897EFF52EA4D12600EA3849 /* ReaderAppTests.xctest */,
				8897EFFF2EA4D12600EA3849 /* ReaderAppUITests.xctest */,
			);
			name = Products;
			sourceTree = "<group>";
		};
/* End PBXGroup section */

/* Begin PBXNativeTarget section */
		8897EFDB2EA4D12400EA3849 /* ReaderApp */ = {
			isa = PBXNativeTarget;
			buildConfigurationList = 8897F0082EA4D12600EA3849 /* Build configuration list for PBXNativeTarget "ReaderApp" */;
			buildPhases = (
				8897EFD82EA4D12400EA3849 /* Sources */,
				8897EFD92EA4D12400EA3849 /* Frameworks */,
				8897EFDA2EA4D12400EA3849 /* Resources */,
			);
			buildRules = (
			);
			dependencies = (
			);
			fileSystemSynchronizedGroups = (
				8897EFDE2EA4D12400EA3849 /* ReaderApp */,
			);
			name = ReaderApp;
			productName = ReaderApp;
			productReference = 8897EFDC2EA4D12400EA3849 /* ReaderApp.app */;
			productType = "com.apple.product-type.application";
		};
		8897EFF42EA4D12600EA3849 /* ReaderAppTests */ = {
			isa = PBXNativeTarget;
			buildConfigurationList = 8897F00D2EA4D12600EA3849 /* Build configuration list for PBXNativeTarget "ReaderAppTests" */;
			buildPhases = (
				8897EFF12EA4D12600EA3849 /* Sources */,
				8897EFF22EA4D12600EA3849 /* Frameworks */,
				8897EFF32EA4D12600EA3849 /* Resources */,
			);
			buildRules = (
			);
			dependencies = (
				8897EFF72EA4D12600EA3849 /* PBXTargetDependency */,
			);
			fileSystemSynchronizedGroups = (
				8897EFF82EA4D12600EA3849 /* ReaderAppTests */,
			);
			name = ReaderAppTests;
			productName = ReaderAppTests;
			productReference = 8897EFF52EA4D12600EA3849 /* ReaderAppTests.xctest */;
			productType = "com.apple.product-type.bundle.unit-test";
		};
		8897EFFE2EA4D12600EA3849 /* ReaderAppUITests */ = {
			isa = PBXNativeTarget;
			buildConfigurationList = 8897F0102EA4D12600EA3849 /* Build configuration list for PBXNativeTarget "ReaderAppUITests" */;
			buildPhases = (
				8897EFFB2EA4D12600EA3849 /* Sources */,
				8897EFFC2EA4D12600EA3849 /* Frameworks */,
				8897EFFD2EA4D12600EA3849 /* Resources */,
			);
			buildRules = (
			);
			dependencies = (
				8897F0012EA4D12600EA3849 /* PBXTargetDependency */,
			);
			fileSystemSynchronizedGroups = (
				8897F0022EA4D12600EA3849 /* ReaderAppUITests */,
			);
			name = ReaderAppUITests;
			productName = ReaderAppUITests;
			productReference = 8897EFFF2EA4D12600EA3849 /* ReaderAppUITests.xctest */;
			productType = "com.apple.product-type.bundle.ui-testing";
		};
/* End PBXNativeTarget section */

/* Begin PBXProject section */
		8897EFD42EA4D12400EA3849 /* Project object */ = {
			isa = PBXProject;
			attributes = {
				BuildIndependentTargetsInParallel = 1;
				LastSwiftUpdateCheck = 1620;
				LastUpgradeCheck = 1620;
				TargetAttributes = {
					8897EFDB2EA4D12400EA3849 = {
						CreatedOnToolsVersion = 16.2;
					};
					8897EFF42EA4D12600EA3849 = {
						CreatedOnToolsVersion = 16.2;
						TestTargetID = 8897EFDB2EA4D12400EA3849;
					};
					8897EFFE2EA4D12600EA3849 = {
						CreatedOnToolsVersion = 16.2;
						TestTargetID = 8897EFDB2EA4D12400EA3849;
					};
				};
			};
			buildConfigurationList = 8897EFD72EA4D12400EA3849 /* Build configuration list for PBXProject "ReaderApp" */;
			developmentRegion = en;
			hasScannedForEncodings = 0;
			knownRegions = (
				en,
				Base,
			);
			mainGroup = 8897EFD32EA4D12400EA3849;
			minimizedProjectReferenceProxies = 1;
			packageReferences = (
				88C039992EA51F5100223582 /* XCRemoteSwiftPackageReference "SDWebImage" */,
			);
			preferredProjectObjectVersion = 77;
			productRefGroup = 8897EFDD2EA4D12400EA3849 /* Products */;
			projectDirPath = "";
			projectRoot = "";
			targets = (
				8897EFDB2EA4D12400EA3849 /* ReaderApp */,
				8897EFF42EA4D12600EA3849 /* ReaderAppTests */,
				8897EFFE2EA4D12600EA3849 /* ReaderAppUITests */,
			);
		};
/* End PBXProject section */

/* Begin PBXResourcesBuildPhase section */
		8897EFDA2EA4D12400EA3849 /* Resources */ = {
			isa = PBXResourcesBuildPhase;
			buildActionMask = 2147483647;
			files = (
			);
			runOnlyForDeploymentPostprocessing = 0;
		};
		8897EFF32EA4D12600EA3849 /* Resources */ = {
			isa = PBXResourcesBuildPhase;
			buildActionMask = 2147483647;
			files = (
			);
			runOnlyForDeploymentPostprocessing = 0;
		};
		8897EFFD2EA4D12600EA3849 /* Resources */ = {
			isa = PBXResourcesBuildPhase;
			buildActionMask = 2147483647;
			files = (
			);
			runOnlyForDeploymentPostprocessing = 0;
		};
/* End PBXResourcesBuildPhase section */

/* Begin PBXSourcesBuildPhase section */
		8897EFD82EA4D12400EA3849 /* Sources */ = {
			isa = PBXSourcesBuildPhase;
			buildActionMask = 2147483647;
			files = (
			);
			runOnlyForDeploymentPostprocessing = 0;
		};
		8897EFF12EA4D12600EA3849 /* Sources */ = {
			isa = PBXSourcesBuildPhase;
			buildActionMask = 2147483647;
			files = (
			);
			runOnlyForDeploymentPostprocessing = 0;
		};
		8897EFFB2EA4D12600EA3849 /* Sources */ = {
			isa = PBXSourcesBuildPhase;
			buildActionMask = 2147483647;
			files = (
			);
			runOnlyForDeploymentPostprocessing = 0;
		};
/* End PBXSourcesBuildPhase section */

/* Begin PBXTargetDependency section */
		8897EFF72EA4D12600EA3849 /* PBXTargetDependency */ = {
			isa = PBXTargetDependency;
			target = 8897EFDB2EA4D12400EA3849 /* ReaderApp */;
			targetProxy = 8897EFF62EA4D12600EA3849 /* PBXContainerItemProxy */;
		};
		8897F0012EA4D12600EA3849 /* PBXTargetDependency */ = {
			isa = PBXTargetDependency;
			target = 8897EFDB2EA4D12400EA3849 /* ReaderApp */;
			targetProxy = 8897F0002EA4D12600EA3849 /* PBXContainerItemProxy */;
		};
/* End PBXTargetDependency section */

/* Begin XCBuildConfiguration section */
		8897F0092EA4D12600EA3849 /* Debug */ = {
			isa = XCBuildConfiguration;
			buildSettings = {
				ASSETCATALOG_COMPILER_APPICON_NAME = AppIcon;
				ASSETCATALOG_COMPILER_GLOBAL_ACCENT_COLOR_NAME = AccentColor;
				CODE_SIGN_IDENTITY = "Apple Development";
				CODE_SIGN_STYLE = Automatic;
				CURRENT_PROJECT_VERSION = 1;
				DEVELOPMENT_TEAM = "";
				GENERATE_INFOPLIST_FILE = YES;
				INFOPLIST_FILE = ReaderApp/Info.plist;
				INFOPLIST_KEY_UIApplicationSupportsIndirectInputEvents = YES;
				INFOPLIST_KEY_UILaunchStoryboardName = LaunchScreen.storyboard;
				INFOPLIST_KEY_UIMainStoryboardFile = Main;
				INFOPLIST_KEY_UIStatusBarHidden = NO;
				INFOPLIST_KEY_UISupportedInterfaceOrientations_iPad = "UIInterfaceOrientationPortrait UIInterfaceOrientationPortraitUpsideDown UIInterfaceOrientationLandscapeLeft UIInterfaceOrientationLandscapeRight";
				INFOPLIST_KEY_UISupportedInterfaceOrientations_iPhone = "UIInterfaceOrientationPortrait UIInterfaceOrientationLandscapeLeft UIInterfaceOrientationLandscapeRight";
				IPHONEOS_DEPLOYMENT_TARGET = 18.2;
				LD_RUNPATH_SEARCH_PATHS = (
					"$(inherited)",
					"@executable_path/Frameworks",
				);
				MARKETING_VERSION = 1.0;
				PRODUCT_BUNDLE_IDENTIFIER = com.prashanth.ReaderApp;
				PRODUCT_NAME = "$(TARGET_NAME)";
				PROVISIONING_PROFILE_SPECIFIER = "";
				SWIFT_EMIT_LOC_STRINGS = YES;
				SWIFT_VERSION = 5.0;
				TARGETED_DEVICE_FAMILY = "1,2";
			};
			name = Debug;
		};
		8897F00A2EA4D12600EA3849 /* Release */ = {
			isa = XCBuildConfiguration;
			buildSettings = {
				ASSETCATALOG_COMPILER_APPICON_NAME = AppIcon;
				ASSETCATALOG_COMPILER_GLOBAL_ACCENT_COLOR_NAME = AccentColor;
				CODE_SIGN_IDENTITY = "Apple Development";
				CODE_SIGN_STYLE = Automatic;
				CURRENT_PROJECT_VERSION = 1;
				DEVELOPMENT_TEAM = "";
				GENERATE_INFOPLIST_FILE = YES;
				INFOPLIST_FILE = ReaderApp/Info.plist;
				INFOPLIST_KEY_UIApplicationSupportsIndirectInputEvents = YES;
				INFOPLIST_KEY_UILaunchStoryboardName = LaunchScreen.storyboard;
				INFOPLIST_KEY_UIMainStoryboardFile = Main;
				INFOPLIST_KEY_UIStatusBarHidden = NO;
				INFOPLIST_KEY_UISupportedInterfaceOrientations_iPad = "UIInterfaceOrientationPortrait UIInterfaceOrientationPortraitUpsideDown UIInterfaceOrientationLandscapeLeft UIInterfaceOrientationLandscapeRight";
				INFOPLIST_KEY_UISupportedInterfaceOrientations_iPhone = "UIInterfaceOrientationPortrait UIInterfaceOrientationLandscapeLeft UIInterfaceOrientationLandscapeRight";
				IPHONEOS_DEPLOYMENT_TARGET = 18.2;
				LD_RUNPATH_SEARCH_PATHS = (
					"$(inherited)",
					"@executable_path/Frameworks",
				);
				MARKETING_VERSION = 1.0;
				PRODUCT_BUNDLE_IDENTIFIER = com.prashanth.ReaderApp;
				PRODUCT_NAME = "$(TARGET_NAME)";
				PROVISIONING_PROFILE_SPECIFIER = "";
				SWIFT_EMIT_LOC_STRINGS = YES;
				SWIFT_VERSION = 5.0;
				TARGETED_DEVICE_FAMILY = "1,2";
			};
			name = Release;
		};
		8897F00B2EA4D12600EA3849 /* Debug */ = {
			isa = XCBuildConfiguration;
			buildSettings = {
				ALWAYS_SEARCH_USER_PATHS = NO;
				ASSETCATALOG_COMPILER_GENERATE_SWIFT_ASSET_SYMBOL_EXTENSIONS = YES;
				CLANG_ANALYZER_NONNULL = YES;
				CLANG_ANALYZER_NUMBER_OBJECT_CONVERSION = YES_AGGRESSIVE;
				CLANG_CXX_LANGUAGE_STANDARD = "gnu++20";
				CLANG_ENABLE_MODULES = YES;
				CLANG_ENABLE_OBJC_ARC = YES;
				CLANG_ENABLE_OBJC_WEAK = YES;
				CLANG_WARN_BLOCK_CAPTURE_AUTORELEASING = YES;
				CLANG_WARN_BOOL_CONVERSION = YES;
				CLANG_WARN_COMMA = YES;
				CLANG_WARN_CONSTANT_CONVERSION = YES;
				CLANG_WARN_DEPRECATED_OBJC_IMPLEMENTATIONS = YES;
				CLANG_WARN_DIRECT_OBJC_ISA_USAGE = YES_ERROR;
				CLANG_WARN_DOCUMENTATION_COMMENTS = YES;
				CLANG_WARN_EMPTY_BODY = YES;
				CLANG_WARN_ENUM_CONVERSION = YES;
				CLANG_WARN_INFINITE_RECURSION = YES;
				CLANG_WARN_INT_CONVERSION = YES;
				CLANG_WARN_NON_LITERAL_NULL_CONVERSION = YES;
				CLANG_WARN_OBJC_IMPLICIT_RETAIN_SELF = YES;
				CLANG_WARN_OBJC_LITERAL_CONVERSION = YES;
				CLANG_WARN_OBJC_ROOT_CLASS = YES_ERROR;
				CLANG_WARN_QUOTED_INCLUDE_IN_FRAMEWORK_HEADER = YES;
				CLANG_WARN_RANGE_LOOP_ANALYSIS = YES;
				CLANG_WARN_STRICT_PROTOTYPES = YES;
				CLANG_WARN_SUSPICIOUS_MOVE = YES;
				CLANG_WARN_UNGUARDED_AVAILABILITY = YES_AGGRESSIVE;
				CLANG_WARN_UNREACHABLE_CODE = YES;
				CLANG_WARN__DUPLICATE_METHOD_MATCH = YES;
				COPY_PHASE_STRIP = NO;
				DEBUG_INFORMATION_FORMAT = dwarf;
				ENABLE_STRICT_OBJC_MSGSEND = YES;
				ENABLE_TESTABILITY = YES;
				ENABLE_USER_SCRIPT_SANDBOXING = YES;
				GCC_C_LANGUAGE_STANDARD = gnu17;
				GCC_DYNAMIC_NO_PIC = NO;
				GCC_NO_COMMON_BLOCKS = YES;
				GCC_OPTIMIZATION_LEVEL = 0;
				GCC_PREPROCESSOR_DEFINITIONS = (
					"DEBUG=1",
					"$(inherited)",
				);
				GCC_WARN_64_TO_32_BIT_CONVERSION = YES;
				GCC_WARN_ABOUT_RETURN_TYPE = YES_ERROR;
				GCC_WARN_UNDECLARED_SELECTOR = YES;
				GCC_WARN_UNINITIALIZED_AUTOS = YES_AGGRESSIVE;
				GCC_WARN_UNUSED_FUNCTION = YES;
				GCC_WARN_UNUSED_VARIABLE = YES;
				IPHONEOS_DEPLOYMENT_TARGET = 18.2;
				LOCALIZATION_PREFERS_STRING_CATALOGS = YES;
				MTL_ENABLE_DEBUG_INFO = INCLUDE_SOURCE;
				MTL_FAST_MATH = YES;
				ONLY_ACTIVE_ARCH = YES;
				SDKROOT = iphoneos;
				SWIFT_ACTIVE_COMPILATION_CONDITIONS = "DEBUG $(inherited)";
				SWIFT_OPTIMIZATION_LEVEL = "-Onone";
			};
			name = Debug;
		};
		8897F00C2EA4D12600EA3849 /* Release */ = {
			isa = XCBuildConfiguration;
			buildSettings = {
				ALWAYS_SEARCH_USER_PATHS = NO;
				ASSETCATALOG_COMPILER_GENERATE_SWIFT_ASSET_SYMBOL_EXTENSIONS = YES;
				CLANG_ANALYZER_NONNULL = YES;
				CLANG_ANALYZER_NUMBER_OBJECT_CONVERSION = YES_AGGRESSIVE;
				CLANG_CXX_LANGUAGE_STANDARD = "gnu++20";
				CLANG_ENABLE_MODULES = YES;
				CLANG_ENABLE_OBJC_ARC = YES;
				CLANG_ENABLE_OBJC_WEAK = YES;
				CLANG_WARN_BLOCK_CAPTURE_AUTORELEASING = YES;
				CLANG_WARN_BOOL_CONVERSION = YES;
				CLANG_WARN_COMMA = YES;
				CLANG_WARN_CONSTANT_CONVERSION = YES;
				CLANG_WARN_DEPRECATED_OBJC_IMPLEMENTATIONS = YES;
				CLANG_WARN_DIRECT_OBJC_ISA_USAGE = YES_ERROR;
				CLANG_WARN_DOCUMENTATION_COMMENTS = YES;
				CLANG_WARN_EMPTY_BODY = YES;
				CLANG_WARN_ENUM_CONVERSION = YES;
				CLANG_WARN_INFINITE_RECURSION = YES;
				CLANG_WARN_INT_CONVERSION = YES;
				CLANG_WARN_NON_LITERAL_NULL_CONVERSION = YES;
				CLANG_WARN_OBJC_IMPLICIT_RETAIN_SELF = YES;
				CLANG_WARN_OBJC_LITERAL_CONVERSION = YES;
				CLANG_WARN_OBJC_ROOT_CLASS = YES_ERROR;
				CLANG_WARN_QUOTED_INCLUDE_IN_FRAMEWORK_HEADER = YES;
				CLANG_WARN_RANGE_LOOP_ANALYSIS = YES;
				CLANG_WARN_STRICT_PROTOTYPES = YES;
				CLANG_WARN_SUSPICIOUS_MOVE = YES;
				CLANG_WARN_UNGUARDED_AVAILABILITY = YES_AGGRESSIVE;
				CLANG_WARN_UNREACHABLE_CODE = YES;
				CLANG_WARN__DUPLICATE_METHOD_MATCH = YES;
				COPY_PHASE_STRIP = NO;
				DEBUG_INFORMATION_FORMAT = "dwarf-with-dsym";
				ENABLE_NS_ASSERTIONS = NO;
				ENABLE_STRICT_OBJC_MSGSEND = YES;
				ENABLE_USER_SCRIPT_SANDBOXING = YES;
				GCC_C_LANGUAGE_STANDARD = gnu17;
				GCC_NO_COMMON_BLOCKS = YES;
				GCC_WARN_64_TO_32_BIT_CONVERSION = YES;
				GCC_WARN_ABOUT_RETURN_TYPE = YES_ERROR;
				GCC_WARN_UNDECLARED_SELECTOR = YES;
				GCC_WARN_UNINITIALIZED_AUTOS = YES_AGGRESSIVE;
				GCC_WARN_UNUSED_FUNCTION = YES;
				GCC_WARN_UNUSED_VARIABLE = YES;
				IPHONEOS_DEPLOYMENT_TARGET = 18.2;
				LOCALIZATION_PREFERS_STRING_CATALOGS = YES;
				MTL_ENABLE_DEBUG_INFO = NO;
				MTL_FAST_MATH = YES;
				SDKROOT = iphoneos;
				SWIFT_COMPILATION_MODE = wholemodule;
				VALIDATE_PRODUCT = YES;
			};
			name = Release;
		};
		8897F00E2EA4D12600EA3849 /* Debug */ = {
			isa = XCBuildConfiguration;
			buildSettings = {
				BUNDLE_LOADER = "$(TEST_HOST)";
				CODE_SIGN_STYLE = Automatic;
				CURRENT_PROJECT_VERSION = 1;
				GENERATE_INFOPLIST_FILE = YES;
				IPHONEOS_DEPLOYMENT_TARGET = 18.2;
				MARKETING_VERSION = 1.0;
				PRODUCT_BUNDLE_IDENTIFIER = com.prashanth.ReaderAppTests;
				PRODUCT_NAME = "$(TARGET_NAME)";
				SWIFT_EMIT_LOC_STRINGS = NO;
				SWIFT_VERSION = 5.0;
				TARGETED_DEVICE_FAMILY = "1,2";
				TEST_HOST = "$(BUILT_PRODUCTS_DIR)/ReaderApp.app/$(BUNDLE_EXECUTABLE_FOLDER_PATH)/ReaderApp";
			};
			name = Debug;
		};
		8897F00F2EA4D12600EA3849 /* Release */ = {
			isa = XCBuildConfiguration;
			buildSettings = {
				BUNDLE_LOADER = "$(TEST_HOST)";
				CODE_SIGN_STYLE = Automatic;
				CURRENT_PROJECT_VERSION = 1;
				GENERATE_INFOPLIST_FILE = YES;
				IPHONEOS_DEPLOYMENT_TARGET = 18.2;
				MARKETING_VERSION = 1.0;
				PRODUCT_BUNDLE_IDENTIFIER = com.prashanth.ReaderAppTests;
				PRODUCT_NAME = "$(TARGET_NAME)";
				SWIFT_EMIT_LOC_STRINGS = NO;
				SWIFT_VERSION = 5.0;
				TARGETED_DEVICE_FAMILY = "1,2";
				TEST_HOST = "$(BUILT_PRODUCTS_DIR)/ReaderApp.app/$(BUNDLE_EXECUTABLE_FOLDER_PATH)/ReaderApp";
			};
			name = Release;
		};
		8897F0112EA4D12600EA3849 /* Debug */ = {
			isa = XCBuildConfiguration;
			buildSettings = {
				CODE_SIGN_STYLE = Automatic;
				CURRENT_PROJECT_VERSION = 1;
				GENERATE_INFOPLIST_FILE = YES;
				MARKETING_VERSION = 1.0;
				PRODUCT_BUNDLE_IDENTIFIER = com.prashanth.ReaderAppUITests;
				PRODUCT_NAME = "$(TARGET_NAME)";
				SWIFT_EMIT_LOC_STRINGS = NO;
				SWIFT_VERSION = 5.0;
				TARGETED_DEVICE_FAMILY = "1,2";
				TEST_TARGET_NAME = ReaderApp;
			};
			name = Debug;
		};
		8897F0122EA4D12600EA3849 /* Release */ = {
			isa = XCBuildConfiguration;
			buildSettings = {
				CODE_SIGN_STYLE = Automatic;
				CURRENT_PROJECT_VERSION = 1;
				GENERATE_INFOPLIST_FILE = YES;
				MARKETING_VERSION = 1.0;
				PRODUCT_BUNDLE_IDENTIFIER = com.prashanth.ReaderAppUITests;
				PRODUCT_NAME = "$(TARGET_NAME)";
				SWIFT_EMIT_LOC_STRINGS = NO;
				SWIFT_VERSION = 5.0;
				TARGETED_DEVICE_FAMILY = "1,2";
				TEST_TARGET_NAME = ReaderApp;
			};
			name = Release;
		};
/* End XCBuildConfiguration section */

/* Begin XCConfigurationList section */
		8897EFD72EA4D12400EA3849 /* Build configuration list for PBXProject "ReaderApp" */ = {
			isa = XCConfigurationList;
			buildConfigurations = (
				8897F00B2EA4D12600EA3849 /* Debug */,
				8897F00C2EA4D12600EA3849 /* Release */,
			);
			defaultConfigurationIsVisible = 0;
			defaultConfigurationName = Release;
		};
		8897F0082EA4D12600EA3849 /* Build configuration list for PBXNativeTarget "ReaderApp" */ = {
			isa = XCConfigurationList;
			buildConfigurations = (
				8897F0092EA4D12600EA3849 /* Debug */,
				8897F00A2EA4D12600EA3849 /* Release */,
			);
			defaultConfigurationIsVisible = 0;
			defaultConfigurationName = Release;
		};
		8897F00D2EA4D12600EA3849 /* Build configuration list for PBXNativeTarget "ReaderAppTests" */ = {
			isa = XCConfigurationList;
			buildConfigurations = (
				8897F00E2EA4D12600EA3849 /* Debug */,
				8897F00F2EA4D12600EA3849 /* Release */,
			);
			defaultConfigurationIsVisible = 0;
			defaultConfigurationName = Release;
		};
		8897F0102EA4D12600EA3849 /* Build configuration list for PBXNativeTarget "ReaderAppUITests" */ = {
			isa = XCConfigurationList;
			buildConfigurations = (
				8897F0112EA4D12600EA3849 /* Debug */,
				8897F0122EA4D12600EA3849 /* Release */,
			);
			defaultConfigurationIsVisible = 0;
			defaultConfigurationName = Release;
		};
/* End XCConfigurationList section */

/* Begin XCRemoteSwiftPackageReference section */
		88C039992EA51F5100223582 /* XCRemoteSwiftPackageReference "SDWebImage" */ = {
			isa = XCRemoteSwiftPackageReference;
			repositoryURL = "https://github.com/SDWebImage/SDWebImage.git";
			requirement = {
				kind = upToNextMajorVersion;
				minimumVersion = 5.21.3;
			};
		};
/* End XCRemoteSwiftPackageReference section */

/* Begin XCSwiftPackageProductDependency section */
		88C0399A2EA51F5100223582 /* SDWebImage */ = {
			isa = XCSwiftPackageProductDependency;
			package = 88C039992EA51F5100223582 /* XCRemoteSwiftPackageReference "SDWebImage" */;
			productName = SDWebImage;
		};
/* End XCSwiftPackageProductDependency section */
	};
	rootObject = 8897EFD42EA4D12400EA3849 /* Project object */;
}
